
Microsoft Visual Studio Solution File, Format Version 12.00
# Visual Studio 2013
VisualStudioVersion = 12.0.30501.0
MinimumVisualStudioVersion = 10.0.40219.1
Project("{FAE04EC0-301F-11D3-BF4B-00C04F79EFBC}") = "GulfRuby.Web", "GulfRuby.Web\GulfRuby.Web.csproj", "{FEF68F81-839A-496A-9F80-631443AFB7CE}"
EndProject
Project("{2150E333-8FDC-42A3-9474-1A3956D46DE8}") = "Business", "Business", "{C817F03C-3065-482C-B916-3A9710815EBC}"
EndProject
Project("{FAE04EC0-301F-11D3-BF4B-00C04F79EFBC}") = "GulRuby.Business.Entities", "Business\GulRuby.Business.Entities\GulRuby.Business.Entities.csproj", "{5D31988F-9900-4591-A177-CD96D58AE7E6}"
EndProject
Project("{2150E333-8FDC-42A3-9474-1A3956D46DE8}") = "Core", "Core", "{AC016E75-E003-45B8-9E34-3CE828946923}"
EndProject
Project("{FAE04EC0-301F-11D3-BF4B-00C04F79EFBC}") = "Core.Common", "Core\Core.Common\Core.Common.csproj", "{F6BCFF98-A714-4B7B-978F-23D812D1744A}"
EndProject
Project("{FAE04EC0-301F-11D3-BF4B-00C04F79EFBC}") = "Core.Common.Contracts", "Core\Core.Common.Contracts\Core.Common.Contracts.csproj", "{5F9B5530-F150-4BF0-9D07-0AD8A4C6EF7D}"
EndProject
Project("{2150E333-8FDC-42A3-9474-1A3956D46DE8}") = "Tests", "Tests", "{434E2D24-9DF9-46B9-A3DB-960A4E64B230}"
EndProject
Project("{FAE04EC0-301F-11D3-BF4B-00C04F79EFBC}") = "Core.Common.Tests", "Tests\Core.Common.Tests\Core.Common.Tests.csproj", "{3492A5CB-8CB5-46FF-B307-FB6B85D594B1}"
EndProject
Project("{2150E333-8FDC-42A3-9474-1A3956D46DE8}") = "Resource Access", "Resource Access", "{1EE097D7-BF91-48D3-B276-B19A61786BCB}"
EndProject
Project("{FAE04EC0-301F-11D3-BF4B-00C04F79EFBC}") = "GulfRuby.Data", "Resource Access\GulfRuby.Data\GulfRuby.Data.csproj", "{64AAE308-CBE9-40B4-ACBF-142ACE96C4EB}"
EndProject
Project("{FAE04EC0-301F-11D3-BF4B-00C04F79EFBC}") = "GulRuby.Data.Contracts", "Resource Access\GulRuby.Data.Contracts\GulRuby.Data.Contracts.csproj", "{A2310B94-1B03-489F-A99F-47893EC5C61E}"
EndProject
Project("{FAE04EC0-301F-11D3-BF4B-00C04F79EFBC}") = "GulfRuby.Data.Tests", "Tests\GulfRuby.Data.Tests\GulfRuby.Data.Tests.csproj", "{393228F1-E246-4B73-9456-CED80A91D88D}"
EndProject
Project("{FAE04EC0-301F-11D3-BF4B-00C04F79EFBC}") = "GulfRuby.Business.Bootstrapper", "Business\GulfRuby.Business.Bootstrapper\GulfRuby.Business.Bootstrapper.csproj", "{E9CC1503-93AD-4B4F-ACC8-CD72CC8FF6A2}"
EndProject
Project("{2150E333-8FDC-42A3-9474-1A3956D46DE8}") = "Client", "Client", "{1DCDB18F-CC9A-49C9-9AEB-EBD1194A7693}"
EndProject
Project("{FAE04EC0-301F-11D3-BF4B-00C04F79EFBC}") = "GulfRuby.Client.Bootstrapper", "Client\GulfRuby.Client.Bootstrapper\GulfRuby.Client.Bootstrapper.csproj", "{E6A726A9-B8D3-4591-80E9-F60C6106F610}"
EndProject
Project("{2150E333-8FDC-42A3-9474-1A3956D46DE8}") = "Common", "Common", "{25B99C64-C557-490D-9FEF-55441E03C72B}"
EndProject
Project("{FAE04EC0-301F-11D3-BF4B-00C04F79EFBC}") = "GulRuby.Common", "Common\GulRuby.Common\GulRuby.Common.csproj", "{EE498338-5AB1-41A2-B72D-EF35CF1BBDAF}"
EndProject
Global
	GlobalSection(SolutionConfigurationPlatforms) = preSolution
		Debug|Any CPU = Debug|Any CPU
		Release|Any CPU = Release|Any CPU
	EndGlobalSection
	GlobalSection(ProjectConfigurationPlatforms) = postSolution
		{FEF68F81-839A-496A-9F80-631443AFB7CE}.Debug|Any CPU.ActiveCfg = Debug|Any CPU
		{FEF68F81-839A-496A-9F80-631443AFB7CE}.Debug|Any CPU.Build.0 = Debug|Any CPU
		{FEF68F81-839A-496A-9F80-631443AFB7CE}.Release|Any CPU.ActiveCfg = Release|Any CPU
		{FEF68F81-839A-496A-9F80-631443AFB7CE}.Release|Any CPU.Build.0 = Release|Any CPU
		{5D31988F-9900-4591-A177-CD96D58AE7E6}.Debug|Any CPU.ActiveCfg = Debug|Any CPU
		{5D31988F-9900-4591-A177-CD96D58AE7E6}.Debug|Any CPU.Build.0 = Debug|Any CPU
		{5D31988F-9900-4591-A177-CD96D58AE7E6}.Release|Any CPU.ActiveCfg = Release|Any CPU
		{5D31988F-9900-4591-A177-CD96D58AE7E6}.Release|Any CPU.Build.0 = Release|Any CPU
		{F6BCFF98-A714-4B7B-978F-23D812D1744A}.Debug|Any CPU.ActiveCfg = Debug|Any CPU
		{F6BCFF98-A714-4B7B-978F-23D812D1744A}.Debug|Any CPU.Build.0 = Debug|Any CPU
		{F6BCFF98-A714-4B7B-978F-23D812D1744A}.Release|Any CPU.ActiveCfg = Release|Any CPU
		{F6BCFF98-A714-4B7B-978F-23D812D1744A}.Release|Any CPU.Build.0 = Release|Any CPU
		{5F9B5530-F150-4BF0-9D07-0AD8A4C6EF7D}.Debug|Any CPU.ActiveCfg = Debug|Any CPU
		{5F9B5530-F150-4BF0-9D07-0AD8A4C6EF7D}.Debug|Any CPU.Build.0 = Debug|Any CPU
		{5F9B5530-F150-4BF0-9D07-0AD8A4C6EF7D}.Release|Any CPU.ActiveCfg = Release|Any CPU
		{5F9B5530-F150-4BF0-9D07-0AD8A4C6EF7D}.Release|Any CPU.Build.0 = Release|Any CPU
		{3492A5CB-8CB5-46FF-B307-FB6B85D594B1}.Debug|Any CPU.ActiveCfg = Debug|Any CPU
		{3492A5CB-8CB5-46FF-B307-FB6B85D594B1}.Debug|Any CPU.Build.0 = Debug|Any CPU
		{3492A5CB-8CB5-46FF-B307-FB6B85D594B1}.Release|Any CPU.ActiveCfg = Release|Any CPU
		{3492A5CB-8CB5-46FF-B307-FB6B85D594B1}.Release|Any CPU.Build.0 = Release|Any CPU
		{64AAE308-CBE9-40B4-ACBF-142ACE96C4EB}.Debug|Any CPU.ActiveCfg = Debug|Any CPU
		{64AAE308-CBE9-40B4-ACBF-142ACE96C4EB}.Debug|Any CPU.Build.0 = Debug|Any CPU
		{64AAE308-CBE9-40B4-ACBF-142ACE96C4EB}.Release|Any CPU.ActiveCfg = Release|Any CPU
		{64AAE308-CBE9-40B4-ACBF-142ACE96C4EB}.Release|Any CPU.Build.0 = Release|Any CPU
		{A2310B94-1B03-489F-A99F-47893EC5C61E}.Debug|Any CPU.ActiveCfg = Debug|Any CPU
		{A2310B94-1B03-489F-A99F-47893EC5C61E}.Debug|Any CPU.Build.0 = Debug|Any CPU
		{A2310B94-1B03-489F-A99F-47893EC5C61E}.Release|Any CPU.ActiveCfg = Release|Any CPU
		{A2310B94-1B03-489F-A99F-47893EC5C61E}.Release|Any CPU.Build.0 = Release|Any CPU
		{393228F1-E246-4B73-9456-CED80A91D88D}.Debug|Any CPU.ActiveCfg = Debug|Any CPU
		{393228F1-E246-4B73-9456-CED80A91D88D}.Debug|Any CPU.Build.0 = Debug|Any CPU
		{393228F1-E246-4B73-9456-CED80A91D88D}.Release|Any CPU.ActiveCfg = Release|Any CPU
		{393228F1-E246-4B73-9456-CED80A91D88D}.Release|Any CPU.Build.0 = Release|Any CPU
		{E9CC1503-93AD-4B4F-ACC8-CD72CC8FF6A2}.Debug|Any CPU.ActiveCfg = Debug|Any CPU
		{E9CC1503-93AD-4B4F-ACC8-CD72CC8FF6A2}.Debug|Any CPU.Build.0 = Debug|Any CPU
		{E9CC1503-93AD-4B4F-ACC8-CD72CC8FF6A2}.Release|Any CPU.ActiveCfg = Release|Any CPU
		{E9CC1503-93AD-4B4F-ACC8-CD72CC8FF6A2}.Release|Any CPU.Build.0 = Release|Any CPU
		{E6A726A9-B8D3-4591-80E9-F60C6106F610}.Debug|Any CPU.ActiveCfg = Debug|Any CPU
		{E6A726A9-B8D3-4591-80E9-F60C6106F610}.Debug|Any CPU.Build.0 = Debug|Any CPU
		{E6A726A9-B8D3-4591-80E9-F60C6106F610}.Release|Any CPU.ActiveCfg = Release|Any CPU
		{E6A726A9-B8D3-4591-80E9-F60C6106F610}.Release|Any CPU.Build.0 = Release|Any CPU
		{EE498338-5AB1-41A2-B72D-EF35CF1BBDAF}.Debug|Any CPU.ActiveCfg = Debug|Any CPU
		{EE498338-5AB1-41A2-B72D-EF35CF1BBDAF}.Debug|Any CPU.Build.0 = Debug|Any CPU
		{EE498338-5AB1-41A2-B72D-EF35CF1BBDAF}.Release|Any CPU.ActiveCfg = Release|Any CPU
		{EE498338-5AB1-41A2-B72D-EF35CF1BBDAF}.Release|Any CPU.Build.0 = Release|Any CPU
	EndGlobalSection
	GlobalSection(SolutionProperties) = preSolution
		HideSolutionNode = FALSE
	EndGlobalSection
	GlobalSection(NestedProjects) = preSolution
		{5D31988F-9900-4591-A177-CD96D58AE7E6} = {C817F03C-3065-482C-B916-3A9710815EBC}
		{F6BCFF98-A714-4B7B-978F-23D812D1744A} = {AC016E75-E003-45B8-9E34-3CE828946923}
		{5F9B5530-F150-4BF0-9D07-0AD8A4C6EF7D} = {AC016E75-E003-45B8-9E34-3CE828946923}
		{3492A5CB-8CB5-46FF-B307-FB6B85D594B1} = {434E2D24-9DF9-46B9-A3DB-960A4E64B230}
		{64AAE308-CBE9-40B4-ACBF-142ACE96C4EB} = {1EE097D7-BF91-48D3-B276-B19A61786BCB}
		{A2310B94-1B03-489F-A99F-47893EC5C61E} = {1EE097D7-BF91-48D3-B276-B19A61786BCB}
		{393228F1-E246-4B73-9456-CED80A91D88D} = {434E2D24-9DF9-46B9-A3DB-960A4E64B230}
		{E9CC1503-93AD-4B4F-ACC8-CD72CC8FF6A2} = {C817F03C-3065-482C-B916-3A9710815EBC}
		{E6A726A9-B8D3-4591-80E9-F60C6106F610} = {1DCDB18F-CC9A-49C9-9AEB-EBD1194A7693}
		{EE498338-5AB1-41A2-B72D-EF35CF1BBDAF} = {25B99C64-C557-490D-9FEF-55441E03C72B}
	EndGlobalSection
EndGlobal
